
Microsoft Visual Studio Solution File, Format Version 11.00
# Visual Studio 2010
Project("{FAE04EC0-301F-11D3-BF4B-00C04F79EFBC}") = "EncryptedPassword", "EncryptedPassword\EncryptedPassword.csproj", "{EABE379A-190B-4B3D-A811-E8B244D9253A}"
EndProject
Global
	GlobalSection(SolutionConfigurationPlatforms) = preSolution
		Debug|x86 = Debug|x86
		Release|x86 = Release|x86
	EndGlobalSection
	GlobalSection(ProjectConfigurationPlatforms) = postSolution
		{EABE379A-190B-4B3D-A811-E8B244D9253A}.Debug|x86.ActiveCfg = Debug|x86
		{EABE379A-190B-4B3D-A811-E8B244D9253A}.Debug|x86.Build.0 = Debug|x86
		{EABE379A-190B-4B3D-A811-E8B244D9253A}.Release|x86.ActiveCfg = Release|x86
		{EABE379A-190B-4B3D-A811-E8B244D9253A}.Release|x86.Build.0 = Release|x86
	EndGlobalSection
	GlobalSection(SolutionProperties) = preSolution
		HideSolutionNode = FALSE
	EndGlobalSection
EndGlobal
